
Microsoft Visual Studio Solution File, Format Version 12.00
# Visual Studio Version 17
VisualStudioVersion = 17.9.34607.119
MinimumVisualStudioVersion = 10.0.40219.1
Project("{9A19103F-16F7-4668-BE54-9A1E7A4F7556}") = "TollFeeCalculator", "TollCalculator\TollFeeCalculator.csproj", "{A81874E8-F256-4458-A35A-472A6CFF393E}"
EndProject
Project("{FAE04EC0-301F-11D3-BF4B-00C04F79EFBC}") = "TollFeeCalculator.Tests", "TollFeeCalculator.Test\TollFeeCalculator.Tests.csproj", "{54140F43-0843-4C70-9B78-A161CD249A31}"
EndProject
Global
	GlobalSection(SolutionConfigurationPlatforms) = preSolution
		Debug|Any CPU = Debug|Any CPU
		Release|Any CPU = Release|Any CPU
	EndGlobalSection
	GlobalSection(ProjectConfigurationPlatforms) = postSolution
		{A81874E8-F256-4458-A35A-472A6CFF393E}.Debug|Any CPU.ActiveCfg = Debug|Any CPU
		{A81874E8-F256-4458-A35A-472A6CFF393E}.Debug|Any CPU.Build.0 = Debug|Any CPU
		{A81874E8-F256-4458-A35A-472A6CFF393E}.Release|Any CPU.ActiveCfg = Release|Any CPU
		{A81874E8-F256-4458-A35A-472A6CFF393E}.Release|Any CPU.Build.0 = Release|Any CPU
		{54140F43-0843-4C70-9B78-A161CD249A31}.Debug|Any CPU.ActiveCfg = Debug|Any CPU
		{54140F43-0843-4C70-9B78-A161CD249A31}.Debug|Any CPU.Build.0 = Debug|Any CPU
		{54140F43-0843-4C70-9B78-A161CD249A31}.Release|Any CPU.ActiveCfg = Release|Any CPU
		{54140F43-0843-4C70-9B78-A161CD249A31}.Release|Any CPU.Build.0 = Release|Any CPU
	EndGlobalSection
	GlobalSection(SolutionProperties) = preSolution
		HideSolutionNode = FALSE
	EndGlobalSection
	GlobalSection(ExtensibilityGlobals) = postSolution
		SolutionGuid = {88834240-2F06-4683-94D5-01DA16B6BE98}
	EndGlobalSection
EndGlobal
